
Microsoft Visual Studio Solution File, Format Version 12.00
# Visual Studio Version 16
VisualStudioVersion = 16.0.29905.134
MinimumVisualStudioVersion = 10.0.40219.1
Project("{FAE04EC0-301F-11D3-BF4B-00C04F79EFBC}") = "MotorsportManagerHelper", "MotorsportManagerHelper.csproj", "{8D1C71F7-50CC-4888-BB7C-65EFAC39D8D6}"
EndProject
Global
	GlobalSection(SolutionConfigurationPlatforms) = preSolution
		Debug|Any CPU = Debug|Any CPU
		Release|Any CPU = Release|Any CPU
	EndGlobalSection
	GlobalSection(ProjectConfigurationPlatforms) = postSolution
		{8D1C71F7-50CC-4888-BB7C-65EFAC39D8D6}.Debug|Any CPU.ActiveCfg = Debug|Any CPU
		{8D1C71F7-50CC-4888-BB7C-65EFAC39D8D6}.Debug|Any CPU.Build.0 = Debug|Any CPU
		{8D1C71F7-50CC-4888-BB7C-65EFAC39D8D6}.Release|Any CPU.ActiveCfg = Release|Any CPU
		{8D1C71F7-50CC-4888-BB7C-65EFAC39D8D6}.Release|Any CPU.Build.0 = Release|Any CPU
	EndGlobalSection
	GlobalSection(SolutionProperties) = preSolution
		HideSolutionNode = FALSE
	EndGlobalSection
	GlobalSection(ExtensibilityGlobals) = postSolution
		SolutionGuid = {93C561FC-F041-43A6-B6BA-1B5D36523AD6}
	EndGlobalSection
EndGlobal
